// !$*UTF8*$!
{
	archiveVersion = 1;
	classes = {
	};
	objectVersion = 48;
	objects = {

/* Begin PBXBuildFile section */
		D619EAD820A5253B0024520B /* main.cpp in Sources */ = {isa = PBXBuildFile; fileRef = D619EAD720A5253B0024520B /* main.cpp */; };
		D619EAE020A525830024520B /* SingleLinkedList.cpp in Sources */ = {isa = PBXBuildFile; fileRef = D619EADE20A525830024520B /* SingleLinkedList.cpp */; };
		D619EAE320A525B30024520B /* SingleLinkedNode.cpp in Sources */ = {isa = PBXBuildFile; fileRef = D619EAE120A525B30024520B /* SingleLinkedNode.cpp */; };
		D69184F020AE6C5000D1E06F /* DoubleLinkedList.cpp in Sources */ = {isa = PBXBuildFile; fileRef = D69184EE20AE6C5000D1E06F /* DoubleLinkedList.cpp */; };
		D69184F120AE6C5000D1E06F /* DoubleLinkedNode.cpp in Sources */ = {isa = PBXBuildFile; fileRef = D69184EF20AE6C5000D1E06F /* DoubleLinkedNode.cpp */; };
/* End PBXBuildFile section */

/* Begin PBXCopyFilesBuildPhase section */
		D619EAD220A5253B0024520B /* CopyFiles */ = {
			isa = PBXCopyFilesBuildPhase;
			buildActionMask = 2147483647;
			dstPath = /usr/share/man/man1/;
			dstSubfolderSpec = 0;
			files = (
			);
			runOnlyForDeploymentPostprocessing = 1;
		};
/* End PBXCopyFilesBuildPhase section */

/* Begin PBXFileReference section */
		D619EAD420A5253B0024520B /* CPPLinkedLists */ = {isa = PBXFileReference; explicitFileType = "compiled.mach-o.executable"; includeInIndex = 0; path = CPPLinkedLists; sourceTree = BUILT_PRODUCTS_DIR; };
		D619EAD720A5253B0024520B /* main.cpp */ = {isa = PBXFileReference; lastKnownFileType = sourcecode.cpp.cpp; path = main.cpp; sourceTree = "<group>"; };
		D619EADE20A525830024520B /* SingleLinkedList.cpp */ = {isa = PBXFileReference; lastKnownFileType = sourcecode.cpp.cpp; path = SingleLinkedList.cpp; sourceTree = "<group>"; };
		D619EADF20A525830024520B /* SingleLinkedList.hpp */ = {isa = PBXFileReference; lastKnownFileType = sourcecode.cpp.h; path = SingleLinkedList.hpp; sourceTree = "<group>"; };
		D619EAE120A525B30024520B /* SingleLinkedNode.cpp */ = {isa = PBXFileReference; lastKnownFileType = sourcecode.cpp.cpp; path = SingleLinkedNode.cpp; sourceTree = "<group>"; };
		D619EAE220A525B30024520B /* SingleLinkedNode.hpp */ = {isa = PBXFileReference; lastKnownFileType = sourcecode.cpp.h; path = SingleLinkedNode.hpp; sourceTree = "<group>"; };
		D69184EC20AE6C5000D1E06F /* DoubleLinkedNode.hpp */ = {isa = PBXFileReference; fileEncoding = 4; lastKnownFileType = sourcecode.cpp.h; path = DoubleLinkedNode.hpp; sourceTree = "<group>"; };
		D69184ED20AE6C5000D1E06F /* DoubleLinkedList.hpp */ = {isa = PBXFileReference; fileEncoding = 4; lastKnownFileType = sourcecode.cpp.h; path = DoubleLinkedList.hpp; sourceTree = "<group>"; };
		D69184EE20AE6C5000D1E06F /* DoubleLinkedList.cpp */ = {isa = PBXFileReference; fileEncoding = 4; lastKnownFileType = sourcecode.cpp.cpp; path = DoubleLinkedList.cpp; sourceTree = "<group>"; };
		D69184EF20AE6C5000D1E06F /* DoubleLinkedNode.cpp */ = {isa = PBXFileReference; fileEncoding = 4; lastKnownFileType = sourcecode.cpp.cpp; path = DoubleLinkedNode.cpp; sourceTree = "<group>"; };
		D6936F9C20D32CE0006C5E82 /* DoubleLinkedListTemplates.hpp */ = {isa = PBXFileReference; lastKnownFileType = sourcecode.cpp.h; path = DoubleLinkedListTemplates.hpp; sourceTree = "<group>"; };
		D6936F9F20D32D23006C5E82 /* DoubleLinkedNodeTemplates.hpp */ = {isa = PBXFileReference; lastKnownFileType = sourcecode.cpp.h; path = DoubleLinkedNodeTemplates.hpp; sourceTree = "<group>"; };
/* End PBXFileReference section */

/* Begin PBXFrameworksBuildPhase section */
		D619EAD120A5253B0024520B /* Frameworks */ = {
			isa = PBXFrameworksBuildPhase;
			buildActionMask = 2147483647;
			files = (
			);
			runOnlyForDeploymentPostprocessing = 0;
		};
/* End PBXFrameworksBuildPhase section */

/* Begin PBXGroup section */
		D619EACB20A5253B0024520B = {
			isa = PBXGroup;
			children = (
				D619EAD620A5253B0024520B /* CPPLinkedLists */,
				D619EAD520A5253B0024520B /* Products */,
			);
			sourceTree = "<group>";
		};
		D619EAD520A5253B0024520B /* Products */ = {
			isa = PBXGroup;
			children = (
				D619EAD420A5253B0024520B /* CPPLinkedLists */,
			);
			name = Products;
			sourceTree = "<group>";
		};
		D619EAD620A5253B0024520B /* CPPLinkedLists */ = {
			isa = PBXGroup;
			children = (
				D619EAD720A5253B0024520B /* main.cpp */,
				D619EADE20A525830024520B /* SingleLinkedList.cpp */,
				D619EADF20A525830024520B /* SingleLinkedList.hpp */,
				D69184EE20AE6C5000D1E06F /* DoubleLinkedList.cpp */,
				D6936F9C20D32CE0006C5E82 /* DoubleLinkedListTemplates.hpp */,
				D6936F9F20D32D23006C5E82 /* DoubleLinkedNodeTemplates.hpp */,
				D69184ED20AE6C5000D1E06F /* DoubleLinkedList.hpp */,
				D69184EF20AE6C5000D1E06F /* DoubleLinkedNode.cpp */,
				D69184EC20AE6C5000D1E06F /* DoubleLinkedNode.hpp */,
				D619EAE120A525B30024520B /* SingleLinkedNode.cpp */,
				D619EAE220A525B30024520B /* SingleLinkedNode.hpp */,
			);
			path = CPPLinkedLists;
			sourceTree = "<group>";
		};
/* End PBXGroup section */

/* Begin PBXNativeTarget section */
		D619EAD320A5253B0024520B /* CPPLinkedLists */ = {
			isa = PBXNativeTarget;
			buildConfigurationList = D619EADB20A5253B0024520B /* Build configuration list for PBXNativeTarget "CPPLinkedLists" */;
			buildPhases = (
				D619EAD020A5253B0024520B /* Sources */,
				D619EAD120A5253B0024520B /* Frameworks */,
				D619EAD220A5253B0024520B /* CopyFiles */,
			);
			buildRules = (
			);
			dependencies = (
			);
			name = CPPLinkedLists;
			productName = CPPLinkedLists;
			productReference = D619EAD420A5253B0024520B /* CPPLinkedLists */;
			productType = "com.apple.product-type.tool";
		};
/* End PBXNativeTarget section */

/* Begin PBXProject section */
		D619EACC20A5253B0024520B /* Project object */ = {
			isa = PBXProject;
			attributes = {
				LastUpgradeCheck = 0920;
				ORGANIZATIONNAME = "Eric Yoon";
				TargetAttributes = {
					D619EAD320A5253B0024520B = {
						CreatedOnToolsVersion = 9.2;
						ProvisioningStyle = Automatic;
					};
				};
			};
			buildConfigurationList = D619EACF20A5253B0024520B /* Build configuration list for PBXProject "CPPLinkedLists" */;
			compatibilityVersion = "Xcode 8.0";
			developmentRegion = en;
			hasScannedForEncodings = 0;
			knownRegions = (
				en,
			);
			mainGroup = D619EACB20A5253B0024520B;
			productRefGroup = D619EAD520A5253B0024520B /* Products */;
			projectDirPath = "";
			projectRoot = "";
			targets = (
				D619EAD320A5253B0024520B /* CPPLinkedLists */,
			);
		};
/* End PBXProject section */

/* Begin PBXSourcesBuildPhase section */
		D619EAD020A5253B0024520B /* Sources */ = {
			isa = PBXSourcesBuildPhase;
			buildActionMask = 2147483647;
			files = (
				D619EAE320A525B30024520B /* SingleLinkedNode.cpp in Sources */,
				D619EAE020A525830024520B /* SingleLinkedList.cpp in Sources */,
				D619EAD820A5253B0024520B /* main.cpp in Sources */,
				D69184F120AE6C5000D1E06F /* DoubleLinkedNode.cpp in Sources */,
				D69184F020AE6C5000D1E06F /* DoubleLinkedList.cpp in Sources */,
			);
			runOnlyForDeploymentPostprocessing = 0;
		};
/* End PBXSourcesBuildPhase section */

/* Begin XCBuildConfiguration section */
		D619EAD920A5253B0024520B /* Debug */ = {
			isa = XCBuildConfiguration;
			buildSettings = {
				ALWAYS_SEARCH_USER_PATHS = NO;
				CLANG_ANALYZER_NONNULL = YES;
				CLANG_ANALYZER_NUMBER_OBJECT_CONVERSION = YES_AGGRESSIVE;
				CLANG_CXX_LANGUAGE_STANDARD = "gnu++14";
				CLANG_CXX_LIBRARY = "libc++";
				CLANG_ENABLE_MODULES = YES;
				CLANG_ENABLE_OBJC_ARC = YES;
				CLANG_WARN_BLOCK_CAPTURE_AUTORELEASING = YES;
				CLANG_WARN_BOOL_CONVERSION = YES;
				CLANG_WARN_COMMA = YES;
				CLANG_WARN_CONSTANT_CONVERSION = YES;
				CLANG_WARN_DIRECT_OBJC_ISA_USAGE = YES_ERROR;
				CLANG_WARN_DOCUMENTATION_COMMENTS = YES;
				CLANG_WARN_EMPTY_BODY = YES;
				CLANG_WARN_ENUM_CONVERSION = YES;
				CLANG_WARN_INFINITE_RECURSION = YES;
				CLANG_WARN_INT_CONVERSION = YES;
				CLANG_WARN_NON_LITERAL_NULL_CONVERSION = YES;
				CLANG_WARN_OBJC_LITERAL_CONVERSION = YES;
				CLANG_WARN_OBJC_ROOT_CLASS = YES_ERROR;
				CLANG_WARN_RANGE_LOOP_ANALYSIS = YES;
				CLANG_WARN_STRICT_PROTOTYPES = YES;
				CLANG_WARN_SUSPICIOUS_MOVE = YES;
				CLANG_WARN_UNGUARDED_AVAILABILITY = YES_AGGRESSIVE;
				CLANG_WARN_UNREACHABLE_CODE = YES;
				CLANG_WARN__DUPLICATE_METHOD_MATCH = YES;
				CODE_SIGN_IDENTITY = "-";
				COPY_PHASE_STRIP = NO;
				DEBUG_INFORMATION_FORMAT = dwarf;
				ENABLE_STRICT_OBJC_MSGSEND = YES;
				ENABLE_TESTABILITY = YES;
				GCC_C_LANGUAGE_STANDARD = gnu11;
				GCC_DYNAMIC_NO_PIC = NO;
				GCC_NO_COMMON_BLOCKS = YES;
				GCC_OPTIMIZATION_LEVEL = 0;
				GCC_PREPROCESSOR_DEFINITIONS = (
					"DEBUG=1",
					"$(inherited)",
				);
				GCC_WARN_64_TO_32_BIT_CONVERSION = YES;
				GCC_WARN_ABOUT_RETURN_TYPE = YES_ERROR;
				GCC_WARN_UNDECLARED_SELECTOR = YES;
				GCC_WARN_UNINITIALIZED_AUTOS = YES_AGGRESSIVE;
				GCC_WARN_UNUSED_FUNCTION = YES;
				GCC_WARN_UNUSED_VARIABLE = YES;
				MACOSX_DEPLOYMENT_TARGET = 10.13;
				MTL_ENABLE_DEBUG_INFO = YES;
				ONLY_ACTIVE_ARCH = YES;
				SDKROOT = macosx;
			};
			name = Debug;
		};
		D619EADA20A5253B0024520B /* Release */ = {
			isa = XCBuildConfiguration;
			buildSettings = {
				ALWAYS_SEARCH_USER_PATHS = NO;
				CLANG_ANALYZER_NONNULL = YES;
				CLANG_ANALYZER_NUMBER_OBJECT_CONVERSION = YES_AGGRESSIVE;
				CLANG_CXX_LANGUAGE_STANDARD = "gnu++14";
				CLANG_CXX_LIBRARY = "libc++";
				CLANG_ENABLE_MODULES = YES;
				CLANG_ENABLE_OBJC_ARC = YES;
				CLANG_WARN_BLOCK_CAPTURE_AUTORELEASING = YES;
				CLANG_WARN_BOOL_CONVERSION = YES;
				CLANG_WARN_COMMA = YES;
				CLANG_WARN_CONSTANT_CONVERSION = YES;
				CLANG_WARN_DIRECT_OBJC_ISA_USAGE = YES_ERROR;
				CLANG_WARN_DOCUMENTATION_COMMENTS = YES;
				CLANG_WARN_EMPTY_BODY = YES;
				CLANG_WARN_ENUM_CONVERSION = YES;
				CLANG_WARN_INFINITE_RECURSION = YES;
				CLANG_WARN_INT_CONVERSION = YES;
				CLANG_WARN_NON_LITERAL_NULL_CONVERSION = YES;
				CLANG_WARN_OBJC_LITERAL_CONVERSION = YES;
				CLANG_WARN_OBJC_ROOT_CLASS = YES_ERROR;
				CLANG_WARN_RANGE_LOOP_ANALYSIS = YES;
				CLANG_WARN_STRICT_PROTOTYPES = YES;
				CLANG_WARN_SUSPICIOUS_MOVE = YES;
				CLANG_WARN_UNGUARDED_AVAILABILITY = YES_AGGRESSIVE;
				CLANG_WARN_UNREACHABLE_CODE = YES;
				CLANG_WARN__DUPLICATE_METHOD_MATCH = YES;
				CODE_SIGN_IDENTITY = "-";
				COPY_PHASE_STRIP = NO;
				DEBUG_INFORMATION_FORMAT = "dwarf-with-dsym";
				ENABLE_NS_ASSERTIONS = NO;
				ENABLE_STRICT_OBJC_MSGSEND = YES;
				GCC_C_LANGUAGE_STANDARD = gnu11;
				GCC_NO_COMMON_BLOCKS = YES;
				GCC_WARN_64_TO_32_BIT_CONVERSION = YES;
				GCC_WARN_ABOUT_RETURN_TYPE = YES_ERROR;
				GCC_WARN_UNDECLARED_SELECTOR = YES;
				GCC_WARN_UNINITIALIZED_AUTOS = YES_AGGRESSIVE;
				GCC_WARN_UNUSED_FUNCTION = YES;
				GCC_WARN_UNUSED_VARIABLE = YES;
				MACOSX_DEPLOYMENT_TARGET = 10.13;
				MTL_ENABLE_DEBUG_INFO = NO;
				SDKROOT = macosx;
			};
			name = Release;
		};
		D619EADC20A5253B0024520B /* Debug */ = {
			isa = XCBuildConfiguration;
			buildSettings = {
				CODE_SIGN_STYLE = Automatic;
				PRODUCT_NAME = "$(TARGET_NAME)";
			};
			name = Debug;
		};
		D619EADD20A5253B0024520B /* Release */ = {
			isa = XCBuildConfiguration;
			buildSettings = {
				CODE_SIGN_STYLE = Automatic;
				PRODUCT_NAME = "$(TARGET_NAME)";
			};
			name = Release;
		};
/* End XCBuildConfiguration section */

/* Begin XCConfigurationList section */
		D619EACF20A5253B0024520B /* Build configuration list for PBXProject "CPPLinkedLists" */ = {
			isa = XCConfigurationList;
			buildConfigurations = (
				D619EAD920A5253B0024520B /* Debug */,
				D619EADA20A5253B0024520B /* Release */,
			);
			defaultConfigurationIsVisible = 0;
			defaultConfigurationName = Release;
		};
		D619EADB20A5253B0024520B /* Build configuration list for PBXNativeTarget "CPPLinkedLists" */ = {
			isa = XCConfigurationList;
			buildConfigurations = (
				D619EADC20A5253B0024520B /* Debug */,
				D619EADD20A5253B0024520B /* Release */,
			);
			defaultConfigurationIsVisible = 0;
			defaultConfigurationName = Release;
		};
/* End XCConfigurationList section */
	};
	rootObject = D619EACC20A5253B0024520B /* Project object */;
}
